
Microsoft Visual Studio Solution File, Format Version 12.00
# Visual Studio 15
VisualStudioVersion = 15.0.28307.1585
MinimumVisualStudioVersion = 10.0.40219.1
Project("{FAE04EC0-301F-11D3-BF4B-00C04F79EFBC}") = "Code1st", "Code1st\Code1st.csproj", "{42EE238B-5045-40C6-8065-31D23BBD20AC}"
EndProject
Global
	GlobalSection(SolutionConfigurationPlatforms) = preSolution
		Debug|Any CPU = Debug|Any CPU
		Release|Any CPU = Release|Any CPU
	EndGlobalSection
	GlobalSection(ProjectConfigurationPlatforms) = postSolution
		{42EE238B-5045-40C6-8065-31D23BBD20AC}.Debug|Any CPU.ActiveCfg = Debug|Any CPU
		{42EE238B-5045-40C6-8065-31D23BBD20AC}.Debug|Any CPU.Build.0 = Debug|Any CPU
		{42EE238B-5045-40C6-8065-31D23BBD20AC}.Release|Any CPU.ActiveCfg = Release|Any CPU
		{42EE238B-5045-40C6-8065-31D23BBD20AC}.Release|Any CPU.Build.0 = Release|Any CPU
	EndGlobalSection
	GlobalSection(SolutionProperties) = preSolution
		HideSolutionNode = FALSE
	EndGlobalSection
	GlobalSection(ExtensibilityGlobals) = postSolution
		SolutionGuid = {B89ACFC4-CB47-40C9-A9E0-025711A8FAD1}
	EndGlobalSection
EndGlobal
